// !$*UTF8*$!
{
	archiveVersion = 1;
	classes = {
	};
	objectVersion = 46;
	objects = {

/* Begin PBXBuildFile section */
		3A5CDAC41F7C9A1200C2121C /* main.m in Sources */ = {isa = PBXBuildFile; fileRef = 3A5CDAC31F7C9A1200C2121C /* main.m */; };
		3A5CDAC71F7C9A1200C2121C /* AppDelegate.m in Sources */ = {isa = PBXBuildFile; fileRef = 3A5CDAC61F7C9A1200C2121C /* AppDelegate.m */; };
		3A5CDACA1F7C9A1200C2121C /* ViewController.m in Sources */ = {isa = PBXBuildFile; fileRef = 3A5CDAC91F7C9A1200C2121C /* ViewController.m */; };
		3A5CDACD1F7C9A1200C2121C /* Main.storyboard in Resources */ = {isa = PBXBuildFile; fileRef = 3A5CDACB1F7C9A1200C2121C /* Main.storyboard */; };
		3A5CDACF1F7C9A1200C2121C /* Assets.xcassets in Resources */ = {isa = PBXBuildFile; fileRef = 3A5CDACE1F7C9A1200C2121C /* Assets.xcassets */; };
		3A5CDAD21F7C9A1200C2121C /* LaunchScreen.storyboard in Resources */ = {isa = PBXBuildFile; fileRef = 3A5CDAD01F7C9A1200C2121C /* LaunchScreen.storyboard */; };
		3A5CDADC1F7C9BCA00C2121C /* XEL_PlayerView.m in Sources */ = {isa = PBXBuildFile; fileRef = 3A5CDADB1F7C9BCA00C2121C /* XEL_PlayerView.m */; };
		3A5CDADE1F7C9C0D00C2121C /* Doc in Resources */ = {isa = PBXBuildFile; fileRef = 3A5CDADD1F7C9C0D00C2121C /* Doc */; };
		3A5CDAE01F7CAE2400C2121C /* login_video.mp4 in Resources */ = {isa = PBXBuildFile; fileRef = 3A5CDADF1F7CABB700C2121C /* login_video.mp4 */; };
		3AD384EC1F7CB38500314C5A /* XEL_ControlView.m in Sources */ = {isa = PBXBuildFile; fileRef = 3AD384EB1F7CB38500314C5A /* XEL_ControlView.m */; };
		3AEDBF741F7E1FA1002C62D9 /* UIView+XEL_Frame.m in Sources */ = {isa = PBXBuildFile; fileRef = 3AEDBF731F7E1FA1002C62D9 /* UIView+XEL_Frame.m */; };
		3AEDBF761F7E21C4002C62D9 /* XEL_Player.bundle in Resources */ = {isa = PBXBuildFile; fileRef = 3AEDBF751F7E21C4002C62D9 /* XEL_Player.bundle */; };
/* End PBXBuildFile section */

/* Begin PBXFileReference section */
		3A5CDABF1F7C9A1200C2121C /* XEL_Player.app */ = {isa = PBXFileReference; explicitFileType = wrapper.application; includeInIndex = 0; path = XEL_Player.app; sourceTree = BUILT_PRODUCTS_DIR; };
		3A5CDAC31F7C9A1200C2121C /* main.m */ = {isa = PBXFileReference; lastKnownFileType = sourcecode.c.objc; path = main.m; sourceTree = "<group>"; };
		3A5CDAC51F7C9A1200C2121C /* AppDelegate.h */ = {isa = PBXFileReference; lastKnownFileType = sourcecode.c.h; path = AppDelegate.h; sourceTree = "<group>"; };
		3A5CDAC61F7C9A1200C2121C /* AppDelegate.m */ = {isa = PBXFileReference; lastKnownFileType = sourcecode.c.objc; path = AppDelegate.m; sourceTree = "<group>"; };
		3A5CDAC81F7C9A1200C2121C /* ViewController.h */ = {isa = PBXFileReference; lastKnownFileType = sourcecode.c.h; path = ViewController.h; sourceTree = "<group>"; };
		3A5CDAC91F7C9A1200C2121C /* ViewController.m */ = {isa = PBXFileReference; lastKnownFileType = sourcecode.c.objc; path = ViewController.m; sourceTree = "<group>"; };
		3A5CDACC1F7C9A1200C2121C /* Base */ = {isa = PBXFileReference; lastKnownFileType = file.storyboard; name = Base; path = Base.lproj/Main.storyboard; sourceTree = "<group>"; };
		3A5CDACE1F7C9A1200C2121C /* Assets.xcassets */ = {isa = PBXFileReference; lastKnownFileType = folder.assetcatalog; path = Assets.xcassets; sourceTree = "<group>"; };
		3A5CDAD11F7C9A1200C2121C /* Base */ = {isa = PBXFileReference; lastKnownFileType = file.storyboard; name = Base; path = Base.lproj/LaunchScreen.storyboard; sourceTree = "<group>"; };
		3A5CDAD31F7C9A1200C2121C /* Info.plist */ = {isa = PBXFileReference; lastKnownFileType = text.plist.xml; path = Info.plist; sourceTree = "<group>"; };
		3A5CDADA1F7C9BCA00C2121C /* XEL_PlayerView.h */ = {isa = PBXFileReference; fileEncoding = 4; lastKnownFileType = sourcecode.c.h; path = XEL_PlayerView.h; sourceTree = "<group>"; };
		3A5CDADB1F7C9BCA00C2121C /* XEL_PlayerView.m */ = {isa = PBXFileReference; fileEncoding = 4; lastKnownFileType = sourcecode.c.objc; path = XEL_PlayerView.m; sourceTree = "<group>"; };
		3A5CDADD1F7C9C0D00C2121C /* Doc */ = {isa = PBXFileReference; fileEncoding = 4; lastKnownFileType = text; path = Doc; sourceTree = "<group>"; };
		3A5CDADF1F7CABB700C2121C /* login_video.mp4 */ = {isa = PBXFileReference; lastKnownFileType = file; path = login_video.mp4; sourceTree = "<group>"; };
		3AD384EA1F7CB38500314C5A /* XEL_ControlView.h */ = {isa = PBXFileReference; fileEncoding = 4; lastKnownFileType = sourcecode.c.h; path = XEL_ControlView.h; sourceTree = "<group>"; };
		3AD384EB1F7CB38500314C5A /* XEL_ControlView.m */ = {isa = PBXFileReference; fileEncoding = 4; lastKnownFileType = sourcecode.c.objc; path = XEL_ControlView.m; sourceTree = "<group>"; };
		3AEDBF721F7E1FA1002C62D9 /* UIView+XEL_Frame.h */ = {isa = PBXFileReference; fileEncoding = 4; lastKnownFileType = sourcecode.c.h; path = "UIView+XEL_Frame.h"; sourceTree = "<group>"; };
		3AEDBF731F7E1FA1002C62D9 /* UIView+XEL_Frame.m */ = {isa = PBXFileReference; fileEncoding = 4; lastKnownFileType = sourcecode.c.objc; path = "UIView+XEL_Frame.m"; sourceTree = "<group>"; };
		3AEDBF751F7E21C4002C62D9 /* XEL_Player.bundle */ = {isa = PBXFileReference; lastKnownFileType = "wrapper.plug-in"; path = XEL_Player.bundle; sourceTree = "<group>"; };
/* End PBXFileReference section */

/* Begin PBXFrameworksBuildPhase section */
		3A5CDABC1F7C9A1200C2121C /* Frameworks */ = {
			isa = PBXFrameworksBuildPhase;
			buildActionMask = 2147483647;
			files = (
			);
			runOnlyForDeploymentPostprocessing = 0;
		};
/* End PBXFrameworksBuildPhase section */

/* Begin PBXGroup section */
		3A5CDAB61F7C9A1200C2121C = {
			isa = PBXGroup;
			children = (
				3A5CDAC11F7C9A1200C2121C /* XEL_Player */,
				3A5CDAC01F7C9A1200C2121C /* Products */,
			);
			sourceTree = "<group>";
		};
		3A5CDAC01F7C9A1200C2121C /* Products */ = {
			isa = PBXGroup;
			children = (
				3A5CDABF1F7C9A1200C2121C /* XEL_Player.app */,
			);
			name = Products;
			sourceTree = "<group>";
		};
		3A5CDAC11F7C9A1200C2121C /* XEL_Player */ = {
			isa = PBXGroup;
			children = (
				3A5CDAD91F7C9B8200C2121C /* XEL_Player */,
				3A5CDAC51F7C9A1200C2121C /* AppDelegate.h */,
				3A5CDAC61F7C9A1200C2121C /* AppDelegate.m */,
				3A5CDAC81F7C9A1200C2121C /* ViewController.h */,
				3A5CDAC91F7C9A1200C2121C /* ViewController.m */,
				3A5CDACB1F7C9A1200C2121C /* Main.storyboard */,
				3A5CDACE1F7C9A1200C2121C /* Assets.xcassets */,
				3A5CDAD01F7C9A1200C2121C /* LaunchScreen.storyboard */,
				3A5CDADF1F7CABB700C2121C /* login_video.mp4 */,
				3A5CDAD31F7C9A1200C2121C /* Info.plist */,
				3A5CDAC21F7C9A1200C2121C /* Supporting Files */,
				3A5CDADD1F7C9C0D00C2121C /* Doc */,
			);
			path = XEL_Player;
			sourceTree = "<group>";
		};
		3A5CDAC21F7C9A1200C2121C /* Supporting Files */ = {
			isa = PBXGroup;
			children = (
				3A5CDAC31F7C9A1200C2121C /* main.m */,
			);
			name = "Supporting Files";
			sourceTree = "<group>";
		};
		3A5CDAD91F7C9B8200C2121C /* XEL_Player */ = {
			isa = PBXGroup;
			children = (
				3A5CDADA1F7C9BCA00C2121C /* XEL_PlayerView.h */,
				3A5CDADB1F7C9BCA00C2121C /* XEL_PlayerView.m */,
				3AD384EA1F7CB38500314C5A /* XEL_ControlView.h */,
				3AD384EB1F7CB38500314C5A /* XEL_ControlView.m */,
				3AEDBF721F7E1FA1002C62D9 /* UIView+XEL_Frame.h */,
				3AEDBF731F7E1FA1002C62D9 /* UIView+XEL_Frame.m */,
				3AEDBF751F7E21C4002C62D9 /* XEL_Player.bundle */,
			);
			path = XEL_Player;
			sourceTree = "<group>";
		};
/* End PBXGroup section */

/* Begin PBXNativeTarget section */
		3A5CDABE1F7C9A1200C2121C /* XEL_Player */ = {
			isa = PBXNativeTarget;
			buildConfigurationList = 3A5CDAD61F7C9A1200C2121C /* Build configuration list for PBXNativeTarget "XEL_Player" */;
			buildPhases = (
				3A5CDABB1F7C9A1200C2121C /* Sources */,
				3A5CDABC1F7C9A1200C2121C /* Frameworks */,
				3A5CDABD1F7C9A1200C2121C /* Resources */,
			);
			buildRules = (
			);
			dependencies = (
			);
			name = XEL_Player;
			productName = XEL_Player;
			productReference = 3A5CDABF1F7C9A1200C2121C /* XEL_Player.app */;
			productType = "com.apple.product-type.application";
		};
/* End PBXNativeTarget section */

/* Begin PBXProject section */
		3A5CDAB71F7C9A1200C2121C /* Project object */ = {
			isa = PBXProject;
			attributes = {
				CLASSPREFIX = XEL_;
				LastUpgradeCheck = 0820;
				ORGANIZATIONNAME = "Kim－pc";
				TargetAttributes = {
					3A5CDABE1F7C9A1200C2121C = {
						CreatedOnToolsVersion = 8.2.1;
						ProvisioningStyle = Automatic;
					};
				};
			};
			buildConfigurationList = 3A5CDABA1F7C9A1200C2121C /* Build configuration list for PBXProject "XEL_Player" */;
			compatibilityVersion = "Xcode 3.2";
			developmentRegion = English;
			hasScannedForEncodings = 0;
			knownRegions = (
				en,
				Base,
			);
			mainGroup = 3A5CDAB61F7C9A1200C2121C;
			productRefGroup = 3A5CDAC01F7C9A1200C2121C /* Products */;
			projectDirPath = "";
			projectRoot = "";
			targets = (
				3A5CDABE1F7C9A1200C2121C /* XEL_Player */,
			);
		};
/* End PBXProject section */

/* Begin PBXResourcesBuildPhase section */
		3A5CDABD1F7C9A1200C2121C /* Resources */ = {
			isa = PBXResourcesBuildPhase;
			buildActionMask = 2147483647;
			files = (
				3AEDBF761F7E21C4002C62D9 /* XEL_Player.bundle in Resources */,
				3A5CDAE01F7CAE2400C2121C /* login_video.mp4 in Resources */,
				3A5CDAD21F7C9A1200C2121C /* LaunchScreen.storyboard in Resources */,
				3A5CDADE1F7C9C0D00C2121C /* Doc in Resources */,
				3A5CDACF1F7C9A1200C2121C /* Assets.xcassets in Resources */,
				3A5CDACD1F7C9A1200C2121C /* Main.storyboard in Resources */,
			);
			runOnlyForDeploymentPostprocessing = 0;
		};
/* End PBXResourcesBuildPhase section */

/* Begin PBXSourcesBuildPhase section */
		3A5CDABB1F7C9A1200C2121C /* Sources */ = {
			isa = PBXSourcesBuildPhase;
			buildActionMask = 2147483647;
			files = (
				3A5CDACA1F7C9A1200C2121C /* ViewController.m in Sources */,
				3A5CDAC71F7C9A1200C2121C /* AppDelegate.m in Sources */,
				3AEDBF741F7E1FA1002C62D9 /* UIView+XEL_Frame.m in Sources */,
				3A5CDAC41F7C9A1200C2121C /* main.m in Sources */,
				3AD384EC1F7CB38500314C5A /* XEL_ControlView.m in Sources */,
				3A5CDADC1F7C9BCA00C2121C /* XEL_PlayerView.m in Sources */,
			);
			runOnlyForDeploymentPostprocessing = 0;
		};
/* End PBXSourcesBuildPhase section */

/* Begin PBXVariantGroup section */
		3A5CDACB1F7C9A1200C2121C /* Main.storyboard */ = {
			isa = PBXVariantGroup;
			children = (
				3A5CDACC1F7C9A1200C2121C /* Base */,
			);
			name = Main.storyboard;
			sourceTree = "<group>";
		};
		3A5CDAD01F7C9A1200C2121C /* LaunchScreen.storyboard */ = {
			isa = PBXVariantGroup;
			children = (
				3A5CDAD11F7C9A1200C2121C /* Base */,
			);
			name = LaunchScreen.storyboard;
			sourceTree = "<group>";
		};
/* End PBXVariantGroup section */

/* Begin XCBuildConfiguration section */
		3A5CDAD41F7C9A1200C2121C /* Debug */ = {
			isa = XCBuildConfiguration;
			buildSettings = {
				ALWAYS_SEARCH_USER_PATHS = NO;
				CLANG_ANALYZER_NONNULL = YES;
				CLANG_CXX_LANGUAGE_STANDARD = "gnu++0x";
				CLANG_CXX_LIBRARY = "libc++";
				CLANG_ENABLE_MODULES = YES;
				CLANG_ENABLE_OBJC_ARC = YES;
				CLANG_WARN_BOOL_CONVERSION = YES;
				CLANG_WARN_CONSTANT_CONVERSION = YES;
				CLANG_WARN_DIRECT_OBJC_ISA_USAGE = YES_ERROR;
				CLANG_WARN_DOCUMENTATION_COMMENTS = YES;
				CLANG_WARN_EMPTY_BODY = YES;
				CLANG_WARN_ENUM_CONVERSION = YES;
				CLANG_WARN_INFINITE_RECURSION = YES;
				CLANG_WARN_INT_CONVERSION = YES;
				CLANG_WARN_OBJC_ROOT_CLASS = YES_ERROR;
				CLANG_WARN_SUSPICIOUS_MOVE = YES;
				CLANG_WARN_UNREACHABLE_CODE = YES;
				CLANG_WARN__DUPLICATE_METHOD_MATCH = YES;
				"CODE_SIGN_IDENTITY[sdk=iphoneos*]" = "iPhone Developer";
				COPY_PHASE_STRIP = NO;
				DEBUG_INFORMATION_FORMAT = dwarf;
				ENABLE_STRICT_OBJC_MSGSEND = YES;
				ENABLE_TESTABILITY = YES;
				GCC_C_LANGUAGE_STANDARD = gnu99;
				GCC_DYNAMIC_NO_PIC = NO;
				GCC_NO_COMMON_BLOCKS = YES;
				GCC_OPTIMIZATION_LEVEL = 0;
				GCC_PREPROCESSOR_DEFINITIONS = (
					"DEBUG=1",
					"$(inherited)",
				);
				GCC_WARN_64_TO_32_BIT_CONVERSION = YES;
				GCC_WARN_ABOUT_RETURN_TYPE = YES_ERROR;
				GCC_WARN_UNDECLARED_SELECTOR = YES;
				GCC_WARN_UNINITIALIZED_AUTOS = YES_AGGRESSIVE;
				GCC_WARN_UNUSED_FUNCTION = YES;
				GCC_WARN_UNUSED_VARIABLE = YES;
				IPHONEOS_DEPLOYMENT_TARGET = 10.2;
				MTL_ENABLE_DEBUG_INFO = YES;
				ONLY_ACTIVE_ARCH = YES;
				SDKROOT = iphoneos;
				TARGETED_DEVICE_FAMILY = "1,2";
			};
			name = Debug;
		};
		3A5CDAD51F7C9A1200C2121C /* Release */ = {
			isa = XCBuildConfiguration;
			buildSettings = {
				ALWAYS_SEARCH_USER_PATHS = NO;
				CLANG_ANALYZER_NONNULL = YES;
				CLANG_CXX_LANGUAGE_STANDARD = "gnu++0x";
				CLANG_CXX_LIBRARY = "libc++";
				CLANG_ENABLE_MODULES = YES;
				CLANG_ENABLE_OBJC_ARC = YES;
				CLANG_WARN_BOOL_CONVERSION = YES;
				CLANG_WARN_CONSTANT_CONVERSION = YES;
				CLANG_WARN_DIRECT_OBJC_ISA_USAGE = YES_ERROR;
				CLANG_WARN_DOCUMENTATION_COMMENTS = YES;
				CLANG_WARN_EMPTY_BODY = YES;
				CLANG_WARN_ENUM_CONVERSION = YES;
				CLANG_WARN_INFINITE_RECURSION = YES;
				CLANG_WARN_INT_CONVERSION = YES;
				CLANG_WARN_OBJC_ROOT_CLASS = YES_ERROR;
				CLANG_WARN_SUSPICIOUS_MOVE = YES;
				CLANG_WARN_UNREACHABLE_CODE = YES;
				CLANG_WARN__DUPLICATE_METHOD_MATCH = YES;
				"CODE_SIGN_IDENTITY[sdk=iphoneos*]" = "iPhone Developer";
				COPY_PHASE_STRIP = NO;
				DEBUG_INFORMATION_FORMAT = "dwarf-with-dsym";
				ENABLE_NS_ASSERTIONS = NO;
				ENABLE_STRICT_OBJC_MSGSEND = YES;
				GCC_C_LANGUAGE_STANDARD = gnu99;
				GCC_NO_COMMON_BLOCKS = YES;
				GCC_WARN_64_TO_32_BIT_CONVERSION = YES;
				GCC_WARN_ABOUT_RETURN_TYPE = YES_ERROR;
				GCC_WARN_UNDECLARED_SELECTOR = YES;
				GCC_WARN_UNINITIALIZED_AUTOS = YES_AGGRESSIVE;
				GCC_WARN_UNUSED_FUNCTION = YES;
				GCC_WARN_UNUSED_VARIABLE = YES;
				IPHONEOS_DEPLOYMENT_TARGET = 10.2;
				MTL_ENABLE_DEBUG_INFO = NO;
				SDKROOT = iphoneos;
				TARGETED_DEVICE_FAMILY = "1,2";
				VALIDATE_PRODUCT = YES;
			};
			name = Release;
		};
		3A5CDAD71F7C9A1200C2121C /* Debug */ = {
			isa = XCBuildConfiguration;
			buildSettings = {
				ASSETCATALOG_COMPILER_APPICON_NAME = AppIcon;
				INFOPLIST_FILE = XEL_Player/Info.plist;
				LD_RUNPATH_SEARCH_PATHS = "$(inherited) @executable_path/Frameworks";
				PRODUCT_BUNDLE_IDENTIFIER = "com.tronsis.XEL-Player";
				PRODUCT_NAME = "$(TARGET_NAME)";
			};
			name = Debug;
		};
		3A5CDAD81F7C9A1200C2121C /* Release */ = {
			isa = XCBuildConfiguration;
			buildSettings = {
				ASSETCATALOG_COMPILER_APPICON_NAME = AppIcon;
				INFOPLIST_FILE = XEL_Player/Info.plist;
				LD_RUNPATH_SEARCH_PATHS = "$(inherited) @executable_path/Frameworks";
				PRODUCT_BUNDLE_IDENTIFIER = "com.tronsis.XEL-Player";
				PRODUCT_NAME = "$(TARGET_NAME)";
			};
			name = Release;
		};
/* End XCBuildConfiguration section */

/* Begin XCConfigurationList section */
		3A5CDABA1F7C9A1200C2121C /* Build configuration list for PBXProject "XEL_Player" */ = {
			isa = XCConfigurationList;
			buildConfigurations = (
				3A5CDAD41F7C9A1200C2121C /* Debug */,
				3A5CDAD51F7C9A1200C2121C /* Release */,
			);
			defaultConfigurationIsVisible = 0;
			defaultConfigurationName = Release;
		};
		3A5CDAD61F7C9A1200C2121C /* Build configuration list for PBXNativeTarget "XEL_Player" */ = {
			isa = XCConfigurationList;
			buildConfigurations = (
				3A5CDAD71F7C9A1200C2121C /* Debug */,
				3A5CDAD81F7C9A1200C2121C /* Release */,
			);
			defaultConfigurationIsVisible = 0;
			defaultConfigurationName = Release;
		};
/* End XCConfigurationList section */
	};
	rootObject = 3A5CDAB71F7C9A1200C2121C /* Project object */;
}
